
Microsoft Visual Studio Solution File, Format Version 12.00
# Visual Studio Version 17
VisualStudioVersion = 17.5.33627.172
MinimumVisualStudioVersion = 10.0.40219.1
Project("{9A19103F-16F7-4668-BE54-9A1E7A4F7556}") = "Northwind.Console.SqlClient", "Northwind.Console.SqlClient\Northwind.Console.SqlClient.csproj", "{2691F9B9-3E87-4EA3-B1AF-8E18C5248D7E}"
EndProject
Project("{FAE04EC0-301F-11D3-BF4B-00C04F79EFBC}") = "Northwind.Console.EFCore", "Northwind.Console.EFCore\Northwind.Console.EFCore.csproj", "{357943BC-7FED-48BB-9C1F-E5CF062043EF}"
EndProject
Project("{FAE04EC0-301F-11D3-BF4B-00C04F79EFBC}") = "Northwind.Console.HierarchyMapping", "Northwind.Console.HierarchyMapping\Northwind.Console.HierarchyMapping.csproj", "{79A5C389-E680-45E7-B593-A8F235FA1360}"
EndProject
Project("{FAE04EC0-301F-11D3-BF4B-00C04F79EFBC}") = "Northwind.Common.EntityModels.SqlServer", "Northwind.Common.EntityModels.SqlServer\Northwind.Common.EntityModels.SqlServer.csproj", "{2AA28220-00D8-4297-914F-1BD26C322FAD}"
EndProject
Global
	GlobalSection(SolutionConfigurationPlatforms) = preSolution
		Debug|Any CPU = Debug|Any CPU
		Release|Any CPU = Release|Any CPU
	EndGlobalSection
	GlobalSection(ProjectConfigurationPlatforms) = postSolution
		{2691F9B9-3E87-4EA3-B1AF-8E18C5248D7E}.Debug|Any CPU.ActiveCfg = Debug|Any CPU
		{2691F9B9-3E87-4EA3-B1AF-8E18C5248D7E}.Debug|Any CPU.Build.0 = Debug|Any CPU
		{2691F9B9-3E87-4EA3-B1AF-8E18C5248D7E}.Release|Any CPU.ActiveCfg = Release|Any CPU
		{2691F9B9-3E87-4EA3-B1AF-8E18C5248D7E}.Release|Any CPU.Build.0 = Release|Any CPU
		{357943BC-7FED-48BB-9C1F-E5CF062043EF}.Debug|Any CPU.ActiveCfg = Debug|Any CPU
		{357943BC-7FED-48BB-9C1F-E5CF062043EF}.Debug|Any CPU.Build.0 = Debug|Any CPU
		{357943BC-7FED-48BB-9C1F-E5CF062043EF}.Release|Any CPU.ActiveCfg = Release|Any CPU
		{357943BC-7FED-48BB-9C1F-E5CF062043EF}.Release|Any CPU.Build.0 = Release|Any CPU
		{79A5C389-E680-45E7-B593-A8F235FA1360}.Debug|Any CPU.ActiveCfg = Debug|Any CPU
		{79A5C389-E680-45E7-B593-A8F235FA1360}.Debug|Any CPU.Build.0 = Debug|Any CPU
		{79A5C389-E680-45E7-B593-A8F235FA1360}.Release|Any CPU.ActiveCfg = Release|Any CPU
		{79A5C389-E680-45E7-B593-A8F235FA1360}.Release|Any CPU.Build.0 = Release|Any CPU
		{2AA28220-00D8-4297-914F-1BD26C322FAD}.Debug|Any CPU.ActiveCfg = Debug|Any CPU
		{2AA28220-00D8-4297-914F-1BD26C322FAD}.Debug|Any CPU.Build.0 = Debug|Any CPU
		{2AA28220-00D8-4297-914F-1BD26C322FAD}.Release|Any CPU.ActiveCfg = Release|Any CPU
		{2AA28220-00D8-4297-914F-1BD26C322FAD}.Release|Any CPU.Build.0 = Release|Any CPU
	EndGlobalSection
	GlobalSection(SolutionProperties) = preSolution
		HideSolutionNode = FALSE
	EndGlobalSection
	GlobalSection(ExtensibilityGlobals) = postSolution
		SolutionGuid = {1FA2B8CE-DA47-4A22-896F-861C29359F94}
	EndGlobalSection
EndGlobal
